
Microsoft Visual Studio Solution File, Format Version 12.00
# Visual Studio Version 16
VisualStudioVersion = 16.0.31129.286
MinimumVisualStudioVersion = 10.0.40219.1
Project("{FAE04EC0-301F-11D3-BF4B-00C04F79EFBC}") = "HR_Review", "HR_Review.csproj", "{812C5A22-9B4F-4644-B066-165770CC44A8}"
EndProject
Global
	GlobalSection(SolutionConfigurationPlatforms) = preSolution
		Debug|Any CPU = Debug|Any CPU
		Release|Any CPU = Release|Any CPU
	EndGlobalSection
	GlobalSection(ProjectConfigurationPlatforms) = postSolution
		{812C5A22-9B4F-4644-B066-165770CC44A8}.Debug|Any CPU.ActiveCfg = Debug|Any CPU
		{812C5A22-9B4F-4644-B066-165770CC44A8}.Debug|Any CPU.Build.0 = Debug|Any CPU
		{812C5A22-9B4F-4644-B066-165770CC44A8}.Release|Any CPU.ActiveCfg = Release|Any CPU
		{812C5A22-9B4F-4644-B066-165770CC44A8}.Release|Any CPU.Build.0 = Release|Any CPU
	EndGlobalSection
	GlobalSection(SolutionProperties) = preSolution
		HideSolutionNode = FALSE
	EndGlobalSection
	GlobalSection(ExtensibilityGlobals) = postSolution
		SolutionGuid = {08B4409B-8A0E-4535-95EE-2835C8BFB6E6}
	EndGlobalSection
EndGlobal
